Microsoft Visual Studio Solution File, Format Version 12.00
# Visual Studio Version 17
VisualStudioVersion = 17.0.31903.59
MinimumVisualStudioVersion = 10.0.40219.1
Project("{FAE04EC0-301F-11D3-BF4B-00C04F79EFBC}") = "BridgeManager.Core", "src\BridgeManager.Core\BridgeManager.Core.csproj", "{C0B4F5B2-83B0-4B4F-B3EA-74E3423B30F1}"
EndProject
Project("{FAE04EC0-301F-11D3-BF4B-00C04F79EFBC}") = "BridgeManager.App", "src\BridgeManager.App\BridgeManager.App.csproj", "{8A29C975-6239-4D34-8D58-58309F47357D}"
EndProject
Project("{FAE04EC0-301F-11D3-BF4B-00C04F79EFBC}") = "BridgeManager.Core.Tests", "tests\BridgeManager.Core.Tests\BridgeManager.Core.Tests.csproj", "{46D04F2C-986F-4D0A-A42E-68F5594D88FE}"
EndProject
Project("{FAE04EC0-301F-11D3-BF4B-00C04F79EFBC}") = "BridgeManager.Modern.App", "src\BridgeManager.Modern.App\BridgeManager.Modern.App.csproj", "{94D7E87A-347B-42B6-A783-58D7D6D6F521}"
EndProject
Global
	GlobalSection(SolutionConfigurationPlatforms) = preSolution
		Debug|x64 = Debug|x64
		Release|x64 = Release|x64
	EndGlobalSection
	GlobalSection(ProjectConfigurationPlatforms) = postSolution
		{C0B4F5B2-83B0-4B4F-B3EA-74E3423B30F1}.Debug|x64.ActiveCfg = Debug|x64
		{C0B4F5B2-83B0-4B4F-B3EA-74E3423B30F1}.Debug|x64.Build.0 = Debug|x64
		{C0B4F5B2-83B0-4B4F-B3EA-74E3423B30F1}.Release|x64.ActiveCfg = Release|x64
		{C0B4F5B2-83B0-4B4F-B3EA-74E3423B30F1}.Release|x64.Build.0 = Release|x64
		{8A29C975-6239-4D34-8D58-58309F47357D}.Debug|x64.ActiveCfg = Debug|x64
		{8A29C975-6239-4D34-8D58-58309F47357D}.Debug|x64.Build.0 = Debug|x64
		{8A29C975-6239-4D34-8D58-58309F47357D}.Release|x64.ActiveCfg = Release|x64
		{8A29C975-6239-4D34-8D58-58309F47357D}.Release|x64.Build.0 = Release|x64
		{46D04F2C-986F-4D0A-A42E-68F5594D88FE}.Debug|x64.ActiveCfg = Debug|x64
		{46D04F2C-986F-4D0A-A42E-68F5594D88FE}.Debug|x64.Build.0 = Debug|x64
		{46D04F2C-986F-4D0A-A42E-68F5594D88FE}.Release|x64.ActiveCfg = Release|x64
		{46D04F2C-986F-4D0A-A42E-68F5594D88FE}.Release|x64.Build.0 = Release|x64
		{94D7E87A-347B-42B6-A783-58D7D6D6F521}.Debug|x64.ActiveCfg = Debug|x64
		{94D7E87A-347B-42B6-A783-58D7D6D6F521}.Debug|x64.Build.0 = Debug|x64
		{94D7E87A-347B-42B6-A783-58D7D6D6F521}.Release|x64.ActiveCfg = Release|x64
		{94D7E87A-347B-42B6-A783-58D7D6D6F521}.Release|x64.Build.0 = Release|x64
	EndGlobalSection
EndGlobal
